
Microsoft Visual Studio Solution File, Format Version 11.00
# Visual Studio 2010
Project("{FAE04EC0-301F-11D3-BF4B-00C04F79EFBC}") = "HealthPortalWebServices", "HealthPortalWebServices\HealthPortalWebServices.csproj", "{AFF0494B-EC4B-4051-86E0-85A07B475AC9}"
EndProject
Project("{FAE04EC0-301F-11D3-BF4B-00C04F79EFBC}") = "HealthPortal", "HealthPortal\HealthPortal.csproj", "{9C135401-4F30-4443-BA0B-1FB2D25F6263}"
	ProjectSection(ProjectDependencies) = postProject
		{AFF0494B-EC4B-4051-86E0-85A07B475AC9} = {AFF0494B-EC4B-4051-86E0-85A07B475AC9}
	EndProjectSection
EndProject
Global
	GlobalSection(SolutionConfigurationPlatforms) = preSolution
		Debug|Any CPU = Debug|Any CPU
		Release|Any CPU = Release|Any CPU
	EndGlobalSection
	GlobalSection(ProjectConfigurationPlatforms) = postSolution
		{AFF0494B-EC4B-4051-86E0-85A07B475AC9}.Debug|Any CPU.ActiveCfg = Debug|Any CPU
		{AFF0494B-EC4B-4051-86E0-85A07B475AC9}.Debug|Any CPU.Build.0 = Debug|Any CPU
		{AFF0494B-EC4B-4051-86E0-85A07B475AC9}.Release|Any CPU.ActiveCfg = Release|Any CPU
		{AFF0494B-EC4B-4051-86E0-85A07B475AC9}.Release|Any CPU.Build.0 = Release|Any CPU
		{9C135401-4F30-4443-BA0B-1FB2D25F6263}.Debug|Any CPU.ActiveCfg = Debug|Any CPU
		{9C135401-4F30-4443-BA0B-1FB2D25F6263}.Debug|Any CPU.Build.0 = Debug|Any CPU
		{9C135401-4F30-4443-BA0B-1FB2D25F6263}.Release|Any CPU.ActiveCfg = Release|Any CPU
		{9C135401-4F30-4443-BA0B-1FB2D25F6263}.Release|Any CPU.Build.0 = Release|Any CPU
	EndGlobalSection
	GlobalSection(SolutionProperties) = preSolution
		HideSolutionNode = FALSE
	EndGlobalSection
EndGlobal
